
Microsoft Visual Studio Solution File, Format Version 12.00
# Visual Studio Version 17
VisualStudioVersion = 17.7.34031.279
MinimumVisualStudioVersion = 10.0.40219.1
Project("{FAE04EC0-301F-11D3-BF4B-00C04F79EFBC}") = "ArticulosUI", "RepasoAppEscritorio\ArticulosUI.csproj", "{A225DCA5-AC03-4550-A31B-541F1C737D77}"
EndProject
Project("{FAE04EC0-301F-11D3-BF4B-00C04F79EFBC}") = "Dominio", "Dominio\Dominio.csproj", "{7FE89029-F762-40B9-8DAA-2615FB1FE82F}"
EndProject
Project("{FAE04EC0-301F-11D3-BF4B-00C04F79EFBC}") = "Negocio", "Negocio\Negocio.csproj", "{D10E2C22-1673-4576-8B37-374208F424BD}"
EndProject
Global
	GlobalSection(SolutionConfigurationPlatforms) = preSolution
		Debug|Any CPU = Debug|Any CPU
		Release|Any CPU = Release|Any CPU
	EndGlobalSection
	GlobalSection(ProjectConfigurationPlatforms) = postSolution
		{A225DCA5-AC03-4550-A31B-541F1C737D77}.Debug|Any CPU.ActiveCfg = Debug|Any CPU
		{A225DCA5-AC03-4550-A31B-541F1C737D77}.Debug|Any CPU.Build.0 = Debug|Any CPU
		{A225DCA5-AC03-4550-A31B-541F1C737D77}.Release|Any CPU.ActiveCfg = Release|Any CPU
		{A225DCA5-AC03-4550-A31B-541F1C737D77}.Release|Any CPU.Build.0 = Release|Any CPU
		{7FE89029-F762-40B9-8DAA-2615FB1FE82F}.Debug|Any CPU.ActiveCfg = Debug|Any CPU
		{7FE89029-F762-40B9-8DAA-2615FB1FE82F}.Debug|Any CPU.Build.0 = Debug|Any CPU
		{7FE89029-F762-40B9-8DAA-2615FB1FE82F}.Release|Any CPU.ActiveCfg = Release|Any CPU
		{7FE89029-F762-40B9-8DAA-2615FB1FE82F}.Release|Any CPU.Build.0 = Release|Any CPU
		{D10E2C22-1673-4576-8B37-374208F424BD}.Debug|Any CPU.ActiveCfg = Debug|Any CPU
		{D10E2C22-1673-4576-8B37-374208F424BD}.Debug|Any CPU.Build.0 = Debug|Any CPU
		{D10E2C22-1673-4576-8B37-374208F424BD}.Release|Any CPU.ActiveCfg = Release|Any CPU
		{D10E2C22-1673-4576-8B37-374208F424BD}.Release|Any CPU.Build.0 = Release|Any CPU
	EndGlobalSection
	GlobalSection(SolutionProperties) = preSolution
		HideSolutionNode = FALSE
	EndGlobalSection
	GlobalSection(ExtensibilityGlobals) = postSolution
		SolutionGuid = {4503A94B-B42B-473C-A7C0-689B89F7E003}
	EndGlobalSection
EndGlobal
